// !$*UTF8*$!
{
	archiveVersion = 1;
	classes = {
	};
	objectVersion = 48;
	objects = {

/* Begin PBXBuildFile section */
		F6049F881FE8A25300491F8E /* ActivityEntryTrackerTests.swift in Sources */ = {isa = PBXBuildFile; fileRef = F6049F871FE8A25300491F8E /* ActivityEntryTrackerTests.swift */; };
		F6049F8B1FE8A2FE00491F8E /* AppDelegate.swift in Sources */ = {isa = PBXBuildFile; fileRef = F6F1F1781F9949EF00A2223C /* AppDelegate.swift */; };
		F6049F8C1FE8A2FE00491F8E /* FitnessDataItemMgdObj+CoreDataClass.swift in Sources */ = {isa = PBXBuildFile; fileRef = F654BAF01FD2337000271BA7 /* FitnessDataItemMgdObj+CoreDataClass.swift */; };
		F6049F8D1FE8A2FE00491F8E /* FitnessDataItemMgdObj+CoreDataProperties.swift in Sources */ = {isa = PBXBuildFile; fileRef = F654BAF11FD2337000271BA7 /* FitnessDataItemMgdObj+CoreDataProperties.swift */; };
		F6049F8E1FE8A2FE00491F8E /* KeychainPasswordItem.swift in Sources */ = {isa = PBXBuildFile; fileRef = F6752BDA1F9E608300A14FDE /* KeychainPasswordItem.swift */; };
		F6049F8F1FE8A2FE00491F8E /* FitnessDataTableController.swift in Sources */ = {isa = PBXBuildFile; fileRef = F654BAF41FD23C5100271BA7 /* FitnessDataTableController.swift */; };
		F6049F901FE8A2FE00491F8E /* LoginViewController.swift in Sources */ = {isa = PBXBuildFile; fileRef = F64B9A791F9ACEAB005CB6D9 /* LoginViewController.swift */; };
		F6049F911FE8A2FE00491F8E /* DataTableViewCell.swift in Sources */ = {isa = PBXBuildFile; fileRef = F654BAEE1FD1BE9500271BA7 /* DataTableViewCell.swift */; };
		F6049F921FE8A2FE00491F8E /* DataEntryView.swift in Sources */ = {isa = PBXBuildFile; fileRef = F6E7742A1FC52B31000C5DA5 /* DataEntryView.swift */; };
		F6049F931FE8A3AD00491F8E /* Main.storyboard in Resources */ = {isa = PBXBuildFile; fileRef = F6F1F17C1F9949EF00A2223C /* Main.storyboard */; };
		F6049F941FE8A3AD00491F8E /* LaunchScreen.storyboard in Resources */ = {isa = PBXBuildFile; fileRef = F6F1F1841F9949EF00A2223C /* LaunchScreen.storyboard */; };
		F6049F951FE8A3AD00491F8E /* Assets.xcassets in Resources */ = {isa = PBXBuildFile; fileRef = F6F1F1821F9949EF00A2223C /* Assets.xcassets */; };
		F6049F981FE8A58000491F8E /* ActivityEntryTracker.xcdatamodel in Sources */ = {isa = PBXBuildFile; fileRef = F6049F971FE8A58000491F8E /* ActivityEntryTracker.xcdatamodel */; };
		F64B9A7A1F9ACEAB005CB6D9 /* LoginViewController.swift in Sources */ = {isa = PBXBuildFile; fileRef = F64B9A791F9ACEAB005CB6D9 /* LoginViewController.swift */; };
		F654BAEF1FD1BE9500271BA7 /* DataTableViewCell.swift in Sources */ = {isa = PBXBuildFile; fileRef = F654BAEE1FD1BE9500271BA7 /* DataTableViewCell.swift */; };
		F654BAF21FD2337000271BA7 /* FitnessDataItemMgdObj+CoreDataClass.swift in Sources */ = {isa = PBXBuildFile; fileRef = F654BAF01FD2337000271BA7 /* FitnessDataItemMgdObj+CoreDataClass.swift */; };
		F654BAF31FD2337000271BA7 /* FitnessDataItemMgdObj+CoreDataProperties.swift in Sources */ = {isa = PBXBuildFile; fileRef = F654BAF11FD2337000271BA7 /* FitnessDataItemMgdObj+CoreDataProperties.swift */; };
		F654BAF51FD23C5100271BA7 /* FitnessDataTableController.swift in Sources */ = {isa = PBXBuildFile; fileRef = F654BAF41FD23C5100271BA7 /* FitnessDataTableController.swift */; };
		F6752BDB1F9E608300A14FDE /* KeychainPasswordItem.swift in Sources */ = {isa = PBXBuildFile; fileRef = F6752BDA1F9E608300A14FDE /* KeychainPasswordItem.swift */; };
		F6E7742B1FC52B31000C5DA5 /* DataEntryView.swift in Sources */ = {isa = PBXBuildFile; fileRef = F6E7742A1FC52B31000C5DA5 /* DataEntryView.swift */; };
		F6F1F1791F9949EF00A2223C /* AppDelegate.swift in Sources */ = {isa = PBXBuildFile; fileRef = F6F1F1781F9949EF00A2223C /* AppDelegate.swift */; };
		F6F1F17E1F9949EF00A2223C /* Main.storyboard in Resources */ = {isa = PBXBuildFile; fileRef = F6F1F17C1F9949EF00A2223C /* Main.storyboard */; };
		F6F1F1831F9949EF00A2223C /* Assets.xcassets in Resources */ = {isa = PBXBuildFile; fileRef = F6F1F1821F9949EF00A2223C /* Assets.xcassets */; };
		F6F1F1861F9949EF00A2223C /* LaunchScreen.storyboard in Resources */ = {isa = PBXBuildFile; fileRef = F6F1F1841F9949EF00A2223C /* LaunchScreen.storyboard */; };
/* End PBXBuildFile section */

/* Begin PBXContainerItemProxy section */
		F6F1F18D1F9949F100A2223C /* PBXContainerItemProxy */ = {
			isa = PBXContainerItemProxy;
			containerPortal = F6F1F16D1F9949EF00A2223C /* Project object */;
			proxyType = 1;
			remoteGlobalIDString = F6F1F1741F9949EF00A2223C;
			remoteInfo = ActivityEntryTracker;
		};
/* End PBXContainerItemProxy section */

/* Begin PBXFileReference section */
		F6049F871FE8A25300491F8E /* ActivityEntryTrackerTests.swift */ = {isa = PBXFileReference; fileEncoding = 4; lastKnownFileType = sourcecode.swift; path = ActivityEntryTrackerTests.swift; sourceTree = "<group>"; };
		F6049F891FE8A25A00491F8E /* ActivityEntryTrackerUITests.swift */ = {isa = PBXFileReference; fileEncoding = 4; lastKnownFileType = sourcecode.swift; path = ActivityEntryTrackerUITests.swift; sourceTree = "<group>"; };
		F6049F971FE8A58000491F8E /* ActivityEntryTracker.xcdatamodel */ = {isa = PBXFileReference; lastKnownFileType = wrapper.xcdatamodel; path = ActivityEntryTracker.xcdatamodel; sourceTree = "<group>"; };
		F64B9A791F9ACEAB005CB6D9 /* LoginViewController.swift */ = {isa = PBXFileReference; lastKnownFileType = sourcecode.swift; path = LoginViewController.swift; sourceTree = "<group>"; };
		F654BAEE1FD1BE9500271BA7 /* DataTableViewCell.swift */ = {isa = PBXFileReference; lastKnownFileType = sourcecode.swift; path = DataTableViewCell.swift; sourceTree = "<group>"; };
		F654BAF01FD2337000271BA7 /* FitnessDataItemMgdObj+CoreDataClass.swift */ = {isa = PBXFileReference; lastKnownFileType = sourcecode.swift; path = "FitnessDataItemMgdObj+CoreDataClass.swift"; sourceTree = "<group>"; };
		F654BAF11FD2337000271BA7 /* FitnessDataItemMgdObj+CoreDataProperties.swift */ = {isa = PBXFileReference; lastKnownFileType = sourcecode.swift; path = "FitnessDataItemMgdObj+CoreDataProperties.swift"; sourceTree = "<group>"; };
		F654BAF41FD23C5100271BA7 /* FitnessDataTableController.swift */ = {isa = PBXFileReference; lastKnownFileType = sourcecode.swift; path = FitnessDataTableController.swift; sourceTree = "<group>"; };
		F6752BDA1F9E608300A14FDE /* KeychainPasswordItem.swift */ = {isa = PBXFileReference; fileEncoding = 4; lastKnownFileType = sourcecode.swift; path = KeychainPasswordItem.swift; sourceTree = "<group>"; };
		F6E7742A1FC52B31000C5DA5 /* DataEntryView.swift */ = {isa = PBXFileReference; lastKnownFileType = sourcecode.swift; path = DataEntryView.swift; sourceTree = "<group>"; };
		F6F1F1751F9949EF00A2223C /* ActivityEntryTracker.app */ = {isa = PBXFileReference; explicitFileType = wrapper.application; includeInIndex = 0; path = ActivityEntryTracker.app; sourceTree = BUILT_PRODUCTS_DIR; };
		F6F1F1781F9949EF00A2223C /* AppDelegate.swift */ = {isa = PBXFileReference; lastKnownFileType = sourcecode.swift; path = AppDelegate.swift; sourceTree = "<group>"; };
		F6F1F17D1F9949EF00A2223C /* Base */ = {isa = PBXFileReference; lastKnownFileType = file.storyboard; name = Base; path = Base.lproj/Main.storyboard; sourceTree = "<group>"; };
		F6F1F1821F9949EF00A2223C /* Assets.xcassets */ = {isa = PBXFileReference; lastKnownFileType = folder.assetcatalog; path = Assets.xcassets; sourceTree = "<group>"; };
		F6F1F1851F9949EF00A2223C /* Base */ = {isa = PBXFileReference; lastKnownFileType = file.storyboard; name = Base; path = Base.lproj/LaunchScreen.storyboard; sourceTree = "<group>"; };
		F6F1F1871F9949EF00A2223C /* Info.plist */ = {isa = PBXFileReference; lastKnownFileType = text.plist.xml; path = Info.plist; sourceTree = "<group>"; };
		F6F1F18C1F9949F100A2223C /* ActivityEntryTrackerTests.xctest */ = {isa = PBXFileReference; explicitFileType = wrapper.cfbundle; includeInIndex = 0; path = ActivityEntryTrackerTests.xctest; sourceTree = BUILT_PRODUCTS_DIR; };
		F6F1F1921F9949F100A2223C /* Info.plist */ = {isa = PBXFileReference; lastKnownFileType = text.plist.xml; path = Info.plist; sourceTree = "<group>"; };
		F6F1F1971F9949F100A2223C /* ActivityEntryTrackerUITests.xctest */ = {isa = PBXFileReference; explicitFileType = wrapper.cfbundle; includeInIndex = 0; path = ActivityEntryTrackerUITests.xctest; sourceTree = BUILT_PRODUCTS_DIR; };
		F6F1F19D1F9949F100A2223C /* Info.plist */ = {isa = PBXFileReference; lastKnownFileType = text.plist.xml; path = Info.plist; sourceTree = "<group>"; };
/* End PBXFileReference section */

/* Begin PBXFrameworksBuildPhase section */
		F6F1F1721F9949EF00A2223C /* Frameworks */ = {
			isa = PBXFrameworksBuildPhase;
			buildActionMask = 2147483647;
			files = (
			);
			runOnlyForDeploymentPostprocessing = 0;
		};
		F6F1F1891F9949F100A2223C /* Frameworks */ = {
			isa = PBXFrameworksBuildPhase;
			buildActionMask = 2147483647;
			files = (
			);
			runOnlyForDeploymentPostprocessing = 0;
		};
		F6F1F1941F9949F100A2223C /* Frameworks */ = {
			isa = PBXFrameworksBuildPhase;
			buildActionMask = 2147483647;
			files = (
			);
			runOnlyForDeploymentPostprocessing = 0;
		};
/* End PBXFrameworksBuildPhase section */

/* Begin PBXGroup section */
		F6F1F16C1F9949EF00A2223C = {
			isa = PBXGroup;
			children = (
				F6F1F1771F9949EF00A2223C /* ActivityEntryTracker */,
				F6F1F18F1F9949F100A2223C /* ActivityEntryTrackerTests */,
				F6F1F19A1F9949F100A2223C /* ActivityEntryTrackerUITests */,
				F6F1F1761F9949EF00A2223C /* Products */,
			);
			sourceTree = "<group>";
		};
		F6F1F1761F9949EF00A2223C /* Products */ = {
			isa = PBXGroup;
			children = (
				F6F1F1751F9949EF00A2223C /* ActivityEntryTracker.app */,
				F6F1F18C1F9949F100A2223C /* ActivityEntryTrackerTests.xctest */,
				F6F1F1971F9949F100A2223C /* ActivityEntryTrackerUITests.xctest */,
			);
			name = Products;
			sourceTree = "<group>";
		};
		F6F1F1771F9949EF00A2223C /* ActivityEntryTracker */ = {
			isa = PBXGroup;
			children = (
				F6F1F1781F9949EF00A2223C /* AppDelegate.swift */,
				F654BAF01FD2337000271BA7 /* FitnessDataItemMgdObj+CoreDataClass.swift */,
				F654BAF11FD2337000271BA7 /* FitnessDataItemMgdObj+CoreDataProperties.swift */,
				F6752BDA1F9E608300A14FDE /* KeychainPasswordItem.swift */,
				F654BAF41FD23C5100271BA7 /* FitnessDataTableController.swift */,
				F64B9A791F9ACEAB005CB6D9 /* LoginViewController.swift */,
				F654BAEE1FD1BE9500271BA7 /* DataTableViewCell.swift */,
				F6E7742A1FC52B31000C5DA5 /* DataEntryView.swift */,
				F6F1F17C1F9949EF00A2223C /* Main.storyboard */,
				F6F1F1841F9949EF00A2223C /* LaunchScreen.storyboard */,
				F6F1F1821F9949EF00A2223C /* Assets.xcassets */,
				F6F1F1871F9949EF00A2223C /* Info.plist */,
				F6049F971FE8A58000491F8E /* ActivityEntryTracker.xcdatamodel */,
			);
			path = ActivityEntryTracker;
			sourceTree = "<group>";
		};
		F6F1F18F1F9949F100A2223C /* ActivityEntryTrackerTests */ = {
			isa = PBXGroup;
			children = (
				F6049F871FE8A25300491F8E /* ActivityEntryTrackerTests.swift */,
				F6F1F1921F9949F100A2223C /* Info.plist */,
			);
			path = ActivityEntryTrackerTests;
			sourceTree = "<group>";
		};
		F6F1F19A1F9949F100A2223C /* ActivityEntryTrackerUITests */ = {
			isa = PBXGroup;
			children = (
				F6049F891FE8A25A00491F8E /* ActivityEntryTrackerUITests.swift */,
				F6F1F19D1F9949F100A2223C /* Info.plist */,
			);
			path = ActivityEntryTrackerUITests;
			sourceTree = "<group>";
		};
/* End PBXGroup section */

/* Begin PBXNativeTarget section */
		F6F1F1741F9949EF00A2223C /* ActivityEntryTracker */ = {
			isa = PBXNativeTarget;
			buildConfigurationList = F6F1F1A01F9949F100A2223C /* Build configuration list for PBXNativeTarget "ActivityEntryTracker" */;
			buildPhases = (
				F6F1F1711F9949EF00A2223C /* Sources */,
				F6F1F1721F9949EF00A2223C /* Frameworks */,
				F6F1F1731F9949EF00A2223C /* Resources */,
			);
			buildRules = (
			);
			dependencies = (
			);
			name = ActivityEntryTracker;
			productName = ActivityEntryTracker;
			productReference = F6F1F1751F9949EF00A2223C /* ActivityEntryTracker.app */;
			productType = "com.apple.product-type.application";
		};
		F6F1F18B1F9949F100A2223C /* ActivityEntryTrackerTests */ = {
			isa = PBXNativeTarget;
			buildConfigurationList = F6F1F1A31F9949F100A2223C /* Build configuration list for PBXNativeTarget "ActivityEntryTrackerTests" */;
			buildPhases = (
				F6F1F1881F9949F100A2223C /* Sources */,
				F6F1F1891F9949F100A2223C /* Frameworks */,
				F6F1F18A1F9949F100A2223C /* Resources */,
			);
			buildRules = (
			);
			dependencies = (
				F6F1F18E1F9949F100A2223C /* PBXTargetDependency */,
			);
			name = ActivityEntryTrackerTests;
			productName = ActivityEntryTrackerTests;
			productReference = F6F1F18C1F9949F100A2223C /* ActivityEntryTrackerTests.xctest */;
			productType = "com.apple.product-type.bundle.unit-test";
		};
		F6F1F1961F9949F100A2223C /* ActivityEntryTrackerUITests */ = {
			isa = PBXNativeTarget;
			buildConfigurationList = F6F1F1A61F9949F100A2223C /* Build configuration list for PBXNativeTarget "ActivityEntryTrackerUITests" */;
			buildPhases = (
				F6F1F1931F9949F100A2223C /* Sources */,
				F6F1F1941F9949F100A2223C /* Frameworks */,
				F6F1F1951F9949F100A2223C /* Resources */,
			);
			buildRules = (
			);
			dependencies = (
			);
			name = ActivityEntryTrackerUITests;
			productName = ActivityEntryTrackerUITests;
			productReference = F6F1F1971F9949F100A2223C /* ActivityEntryTrackerUITests.xctest */;
			productType = "com.apple.product-type.bundle.ui-testing";
		};
/* End PBXNativeTarget section */

/* Begin PBXProject section */
		F6F1F16D1F9949EF00A2223C /* Project object */ = {
			isa = PBXProject;
			attributes = {
				LastSwiftUpdateCheck = 0900;
				LastUpgradeCheck = 0900;
				ORGANIZATIONNAME = "Anurag Dulapalli";
				TargetAttributes = {
					F6F1F1741F9949EF00A2223C = {
						CreatedOnToolsVersion = 9.0.1;
						ProvisioningStyle = Automatic;
					};
					F6F1F18B1F9949F100A2223C = {
						CreatedOnToolsVersion = 9.0.1;
						ProvisioningStyle = Automatic;
						TestTargetID = F6F1F1741F9949EF00A2223C;
					};
					F6F1F1961F9949F100A2223C = {
						CreatedOnToolsVersion = 9.0.1;
						ProvisioningStyle = Automatic;
						TestTargetID = F6F1F1741F9949EF00A2223C;
					};
				};
			};
			buildConfigurationList = F6F1F1701F9949EF00A2223C /* Build configuration list for PBXProject "ActivityEntryTracker" */;
			compatibilityVersion = "Xcode 8.0";
			developmentRegion = en;
			hasScannedForEncodings = 0;
			knownRegions = (
				en,
				Base,
			);
			mainGroup = F6F1F16C1F9949EF00A2223C;
			productRefGroup = F6F1F1761F9949EF00A2223C /* Products */;
			projectDirPath = "";
			projectRoot = "";
			targets = (
				F6F1F1741F9949EF00A2223C /* ActivityEntryTracker */,
				F6F1F18B1F9949F100A2223C /* ActivityEntryTrackerTests */,
				F6F1F1961F9949F100A2223C /* ActivityEntryTrackerUITests */,
			);
		};
/* End PBXProject section */

/* Begin PBXResourcesBuildPhase section */
		F6F1F1731F9949EF00A2223C /* Resources */ = {
			isa = PBXResourcesBuildPhase;
			buildActionMask = 2147483647;
			files = (
				F6F1F1861F9949EF00A2223C /* LaunchScreen.storyboard in Resources */,
				F6F1F1831F9949EF00A2223C /* Assets.xcassets in Resources */,
				F6F1F17E1F9949EF00A2223C /* Main.storyboard in Resources */,
			);
			runOnlyForDeploymentPostprocessing = 0;
		};
		F6F1F18A1F9949F100A2223C /* Resources */ = {
			isa = PBXResourcesBuildPhase;
			buildActionMask = 2147483647;
			files = (
			);
			runOnlyForDeploymentPostprocessing = 0;
		};
		F6F1F1951F9949F100A2223C /* Resources */ = {
			isa = PBXResourcesBuildPhase;
			buildActionMask = 2147483647;
			files = (
				F6049F931FE8A3AD00491F8E /* Main.storyboard in Resources */,
				F6049F941FE8A3AD00491F8E /* LaunchScreen.storyboard in Resources */,
				F6049F951FE8A3AD00491F8E /* Assets.xcassets in Resources */,
			);
			runOnlyForDeploymentPostprocessing = 0;
		};
/* End PBXResourcesBuildPhase section */

/* Begin PBXSourcesBuildPhase section */
		F6F1F1711F9949EF00A2223C /* Sources */ = {
			isa = PBXSourcesBuildPhase;
			buildActionMask = 2147483647;
			files = (
				F6049F981FE8A58000491F8E /* ActivityEntryTracker.xcdatamodel in Sources */,
				F654BAF21FD2337000271BA7 /* FitnessDataItemMgdObj+CoreDataClass.swift in Sources */,
				F64B9A7A1F9ACEAB005CB6D9 /* LoginViewController.swift in Sources */,
				F6F1F1791F9949EF00A2223C /* AppDelegate.swift in Sources */,
				F654BAEF1FD1BE9500271BA7 /* DataTableViewCell.swift in Sources */,
				F6752BDB1F9E608300A14FDE /* KeychainPasswordItem.swift in Sources */,
				F6E7742B1FC52B31000C5DA5 /* DataEntryView.swift in Sources */,
				F654BAF31FD2337000271BA7 /* FitnessDataItemMgdObj+CoreDataProperties.swift in Sources */,
				F654BAF51FD23C5100271BA7 /* FitnessDataTableController.swift in Sources */,
			);
			runOnlyForDeploymentPostprocessing = 0;
		};
		F6F1F1881F9949F100A2223C /* Sources */ = {
			isa = PBXSourcesBuildPhase;
			buildActionMask = 2147483647;
			files = (
				F6049F881FE8A25300491F8E /* ActivityEntryTrackerTests.swift in Sources */,
			);
			runOnlyForDeploymentPostprocessing = 0;
		};
		F6F1F1931F9949F100A2223C /* Sources */ = {
			isa = PBXSourcesBuildPhase;
			buildActionMask = 2147483647;
			files = (
				F6049F8B1FE8A2FE00491F8E /* AppDelegate.swift in Sources */,
				F6049F8C1FE8A2FE00491F8E /* FitnessDataItemMgdObj+CoreDataClass.swift in Sources */,
				F6049F8D1FE8A2FE00491F8E /* FitnessDataItemMgdObj+CoreDataProperties.swift in Sources */,
				F6049F8E1FE8A2FE00491F8E /* KeychainPasswordItem.swift in Sources */,
				F6049F8F1FE8A2FE00491F8E /* FitnessDataTableController.swift in Sources */,
				F6049F901FE8A2FE00491F8E /* LoginViewController.swift in Sources */,
				F6049F911FE8A2FE00491F8E /* DataTableViewCell.swift in Sources */,
				F6049F921FE8A2FE00491F8E /* DataEntryView.swift in Sources */,
			);
			runOnlyForDeploymentPostprocessing = 0;
		};
/* End PBXSourcesBuildPhase section */

/* Begin PBXTargetDependency section */
		F6F1F18E1F9949F100A2223C /* PBXTargetDependency */ = {
			isa = PBXTargetDependency;
			target = F6F1F1741F9949EF00A2223C /* ActivityEntryTracker */;
			targetProxy = F6F1F18D1F9949F100A2223C /* PBXContainerItemProxy */;
		};
/* End PBXTargetDependency section */

/* Begin PBXVariantGroup section */
		F6F1F17C1F9949EF00A2223C /* Main.storyboard */ = {
			isa = PBXVariantGroup;
			children = (
				F6F1F17D1F9949EF00A2223C /* Base */,
			);
			name = Main.storyboard;
			sourceTree = "<group>";
		};
		F6F1F1841F9949EF00A2223C /* LaunchScreen.storyboard */ = {
			isa = PBXVariantGroup;
			children = (
				F6F1F1851F9949EF00A2223C /* Base */,
			);
			name = LaunchScreen.storyboard;
			sourceTree = "<group>";
		};
/* End PBXVariantGroup section */

/* Begin XCBuildConfiguration section */
		F6F1F19E1F9949F100A2223C /* Debug */ = {
			isa = XCBuildConfiguration;
			buildSettings = {
				ALWAYS_SEARCH_USER_PATHS = NO;
				CLANG_ANALYZER_NONNULL = YES;
				CLANG_ANALYZER_NUMBER_OBJECT_CONVERSION = YES_AGGRESSIVE;
				CLANG_CXX_LANGUAGE_STANDARD = "gnu++14";
				CLANG_CXX_LIBRARY = "libc++";
				CLANG_ENABLE_MODULES = YES;
				CLANG_ENABLE_OBJC_ARC = YES;
				CLANG_WARN_BLOCK_CAPTURE_AUTORELEASING = YES;
				CLANG_WARN_BOOL_CONVERSION = YES;
				CLANG_WARN_COMMA = YES;
				CLANG_WARN_CONSTANT_CONVERSION = YES;
				CLANG_WARN_DIRECT_OBJC_ISA_USAGE = YES_ERROR;
				CLANG_WARN_DOCUMENTATION_COMMENTS = YES;
				CLANG_WARN_EMPTY_BODY = YES;
				CLANG_WARN_ENUM_CONVERSION = YES;
				CLANG_WARN_INFINITE_RECURSION = YES;
				CLANG_WARN_INT_CONVERSION = YES;
				CLANG_WARN_NON_LITERAL_NULL_CONVERSION = YES;
				CLANG_WARN_OBJC_LITERAL_CONVERSION = YES;
				CLANG_WARN_OBJC_ROOT_CLASS = YES_ERROR;
				CLANG_WARN_RANGE_LOOP_ANALYSIS = YES;
				CLANG_WARN_STRICT_PROTOTYPES = YES;
				CLANG_WARN_SUSPICIOUS_MOVE = YES;
				CLANG_WARN_UNGUARDED_AVAILABILITY = YES_AGGRESSIVE;
				CLANG_WARN_UNREACHABLE_CODE = YES;
				CLANG_WARN__DUPLICATE_METHOD_MATCH = YES;
				CODE_SIGN_IDENTITY = "iPhone Developer";
				COPY_PHASE_STRIP = NO;
				DEBUG_INFORMATION_FORMAT = dwarf;
				ENABLE_STRICT_OBJC_MSGSEND = YES;
				ENABLE_TESTABILITY = YES;
				GCC_C_LANGUAGE_STANDARD = gnu11;
				GCC_DYNAMIC_NO_PIC = NO;
				GCC_NO_COMMON_BLOCKS = YES;
				GCC_OPTIMIZATION_LEVEL = 0;
				GCC_PREPROCESSOR_DEFINITIONS = (
					"DEBUG=1",
					"$(inherited)",
				);
				GCC_WARN_64_TO_32_BIT_CONVERSION = YES;
				GCC_WARN_ABOUT_RETURN_TYPE = YES_ERROR;
				GCC_WARN_UNDECLARED_SELECTOR = YES;
				GCC_WARN_UNINITIALIZED_AUTOS = YES_AGGRESSIVE;
				GCC_WARN_UNUSED_FUNCTION = YES;
				GCC_WARN_UNUSED_VARIABLE = YES;
				IPHONEOS_DEPLOYMENT_TARGET = 11.0;
				MTL_ENABLE_DEBUG_INFO = YES;
				ONLY_ACTIVE_ARCH = YES;
				SDKROOT = iphoneos;
				SWIFT_ACTIVE_COMPILATION_CONDITIONS = DEBUG;
				SWIFT_OPTIMIZATION_LEVEL = "-Onone";
			};
			name = Debug;
		};
		F6F1F19F1F9949F100A2223C /* Release */ = {
			isa = XCBuildConfiguration;
			buildSettings = {
				ALWAYS_SEARCH_USER_PATHS = NO;
				CLANG_ANALYZER_NONNULL = YES;
				CLANG_ANALYZER_NUMBER_OBJECT_CONVERSION = YES_AGGRESSIVE;
				CLANG_CXX_LANGUAGE_STANDARD = "gnu++14";
				CLANG_CXX_LIBRARY = "libc++";
				CLANG_ENABLE_MODULES = YES;
				CLANG_ENABLE_OBJC_ARC = YES;
				CLANG_WARN_BLOCK_CAPTURE_AUTORELEASING = YES;
				CLANG_WARN_BOOL_CONVERSION = YES;
				CLANG_WARN_COMMA = YES;
				CLANG_WARN_CONSTANT_CONVERSION = YES;
				CLANG_WARN_DIRECT_OBJC_ISA_USAGE = YES_ERROR;
				CLANG_WARN_DOCUMENTATION_COMMENTS = YES;
				CLANG_WARN_EMPTY_BODY = YES;
				CLANG_WARN_ENUM_CONVERSION = YES;
				CLANG_WARN_INFINITE_RECURSION = YES;
				CLANG_WARN_INT_CONVERSION = YES;
				CLANG_WARN_NON_LITERAL_NULL_CONVERSION = YES;
				CLANG_WARN_OBJC_LITERAL_CONVERSION = YES;
				CLANG_WARN_OBJC_ROOT_CLASS = YES_ERROR;
				CLANG_WARN_RANGE_LOOP_ANALYSIS = YES;
				CLANG_WARN_STRICT_PROTOTYPES = YES;
				CLANG_WARN_SUSPICIOUS_MOVE = YES;
				CLANG_WARN_UNGUARDED_AVAILABILITY = YES_AGGRESSIVE;
				CLANG_WARN_UNREACHABLE_CODE = YES;
				CLANG_WARN__DUPLICATE_METHOD_MATCH = YES;
				CODE_SIGN_IDENTITY = "iPhone Developer";
				COPY_PHASE_STRIP = NO;
				DEBUG_INFORMATION_FORMAT = "dwarf-with-dsym";
				ENABLE_NS_ASSERTIONS = NO;
				ENABLE_STRICT_OBJC_MSGSEND = YES;
				GCC_C_LANGUAGE_STANDARD = gnu11;
				GCC_NO_COMMON_BLOCKS = YES;
				GCC_WARN_64_TO_32_BIT_CONVERSION = YES;
				GCC_WARN_ABOUT_RETURN_TYPE = YES_ERROR;
				GCC_WARN_UNDECLARED_SELECTOR = YES;
				GCC_WARN_UNINITIALIZED_AUTOS = YES_AGGRESSIVE;
				GCC_WARN_UNUSED_FUNCTION = YES;
				GCC_WARN_UNUSED_VARIABLE = YES;
				IPHONEOS_DEPLOYMENT_TARGET = 11.0;
				MTL_ENABLE_DEBUG_INFO = NO;
				SDKROOT = iphoneos;
				SWIFT_OPTIMIZATION_LEVEL = "-Owholemodule";
				VALIDATE_PRODUCT = YES;
			};
			name = Release;
		};
		F6F1F1A11F9949F100A2223C /* Debug */ = {
			isa = XCBuildConfiguration;
			buildSettings = {
				ASSETCATALOG_COMPILER_APPICON_NAME = AppIcon;
				CODE_SIGN_STYLE = Automatic;
				DEVELOPMENT_TEAM = 8P92H5LG5L;
				INFOPLIST_FILE = ActivityEntryTracker/Info.plist;
				LD_RUNPATH_SEARCH_PATHS = "$(inherited) @executable_path/Frameworks";
				PRODUCT_BUNDLE_IDENTIFIER = com.creation.ActivityEntryTracker;
				PRODUCT_NAME = "$(TARGET_NAME)";
				SWIFT_VERSION = 4.0;
				TARGETED_DEVICE_FAMILY = "1,2";
			};
			name = Debug;
		};
		F6F1F1A21F9949F100A2223C /* Release */ = {
			isa = XCBuildConfiguration;
			buildSettings = {
				ASSETCATALOG_COMPILER_APPICON_NAME = AppIcon;
				CODE_SIGN_STYLE = Automatic;
				DEVELOPMENT_TEAM = 8P92H5LG5L;
				INFOPLIST_FILE = ActivityEntryTracker/Info.plist;
				LD_RUNPATH_SEARCH_PATHS = "$(inherited) @executable_path/Frameworks";
				PRODUCT_BUNDLE_IDENTIFIER = com.creation.ActivityEntryTracker;
				PRODUCT_NAME = "$(TARGET_NAME)";
				SWIFT_VERSION = 4.0;
				TARGETED_DEVICE_FAMILY = "1,2";
			};
			name = Release;
		};
		F6F1F1A41F9949F100A2223C /* Debug */ = {
			isa = XCBuildConfiguration;
			buildSettings = {
				ALWAYS_EMBED_SWIFT_STANDARD_LIBRARIES = YES;
				BUNDLE_LOADER = "$(TEST_HOST)";
				CODE_SIGN_STYLE = Automatic;
				DEVELOPMENT_TEAM = 8P92H5LG5L;
				INFOPLIST_FILE = ActivityEntryTrackerTests/Info.plist;
				LD_RUNPATH_SEARCH_PATHS = "$(inherited) @executable_path/Frameworks @loader_path/Frameworks";
				PRODUCT_BUNDLE_IDENTIFIER = com.creation.ActivityEntryTrackerTests;
				PRODUCT_NAME = "$(TARGET_NAME)";
				SWIFT_VERSION = 4.0;
				TARGETED_DEVICE_FAMILY = "1,2";
				TEST_HOST = "$(BUILT_PRODUCTS_DIR)/ActivityEntryTracker.app/ActivityEntryTracker";
			};
			name = Debug;
		};
		F6F1F1A51F9949F100A2223C /* Release */ = {
			isa = XCBuildConfiguration;
			buildSettings = {
				ALWAYS_EMBED_SWIFT_STANDARD_LIBRARIES = YES;
				BUNDLE_LOADER = "$(TEST_HOST)";
				CODE_SIGN_STYLE = Automatic;
				DEVELOPMENT_TEAM = 8P92H5LG5L;
				INFOPLIST_FILE = ActivityEntryTrackerTests/Info.plist;
				LD_RUNPATH_SEARCH_PATHS = "$(inherited) @executable_path/Frameworks @loader_path/Frameworks";
				PRODUCT_BUNDLE_IDENTIFIER = com.creation.ActivityEntryTrackerTests;
				PRODUCT_NAME = "$(TARGET_NAME)";
				SWIFT_VERSION = 4.0;
				TARGETED_DEVICE_FAMILY = "1,2";
				TEST_HOST = "$(BUILT_PRODUCTS_DIR)/ActivityEntryTracker.app/ActivityEntryTracker";
			};
			name = Release;
		};
		F6F1F1A71F9949F100A2223C /* Debug */ = {
			isa = XCBuildConfiguration;
			buildSettings = {
				ALWAYS_EMBED_SWIFT_STANDARD_LIBRARIES = YES;
				CODE_SIGN_STYLE = Automatic;
				DEVELOPMENT_TEAM = 8P92H5LG5L;
				INFOPLIST_FILE = ActivityEntryTrackerUITests/Info.plist;
				LD_RUNPATH_SEARCH_PATHS = "$(inherited) @executable_path/Frameworks @loader_path/Frameworks";
				PRODUCT_BUNDLE_IDENTIFIER = com.creation.ActivityEntryTrackerUITests;
				PRODUCT_NAME = "$(TARGET_NAME)";
				SWIFT_VERSION = 4.0;
				TARGETED_DEVICE_FAMILY = "1,2";
				TEST_TARGET_NAME = ActivityEntryTracker;
			};
			name = Debug;
		};
		F6F1F1A81F9949F100A2223C /* Release */ = {
			isa = XCBuildConfiguration;
			buildSettings = {
				ALWAYS_EMBED_SWIFT_STANDARD_LIBRARIES = YES;
				CODE_SIGN_STYLE = Automatic;
				DEVELOPMENT_TEAM = 8P92H5LG5L;
				INFOPLIST_FILE = ActivityEntryTrackerUITests/Info.plist;
				LD_RUNPATH_SEARCH_PATHS = "$(inherited) @executable_path/Frameworks @loader_path/Frameworks";
				PRODUCT_BUNDLE_IDENTIFIER = com.creation.ActivityEntryTrackerUITests;
				PRODUCT_NAME = "$(TARGET_NAME)";
				SWIFT_VERSION = 4.0;
				TARGETED_DEVICE_FAMILY = "1,2";
				TEST_TARGET_NAME = ActivityEntryTracker;
			};
			name = Release;
		};
/* End XCBuildConfiguration section */

/* Begin XCConfigurationList section */
		F6F1F1701F9949EF00A2223C /* Build configuration list for PBXProject "ActivityEntryTracker" */ = {
			isa = XCConfigurationList;
			buildConfigurations = (
				F6F1F19E1F9949F100A2223C /* Debug */,
				F6F1F19F1F9949F100A2223C /* Release */,
			);
			defaultConfigurationIsVisible = 0;
			defaultConfigurationName = Release;
		};
		F6F1F1A01F9949F100A2223C /* Build configuration list for PBXNativeTarget "ActivityEntryTracker" */ = {
			isa = XCConfigurationList;
			buildConfigurations = (
				F6F1F1A11F9949F100A2223C /* Debug */,
				F6F1F1A21F9949F100A2223C /* Release */,
			);
			defaultConfigurationIsVisible = 0;
			defaultConfigurationName = Release;
		};
		F6F1F1A31F9949F100A2223C /* Build configuration list for PBXNativeTarget "ActivityEntryTrackerTests" */ = {
			isa = XCConfigurationList;
			buildConfigurations = (
				F6F1F1A41F9949F100A2223C /* Debug */,
				F6F1F1A51F9949F100A2223C /* Release */,
			);
			defaultConfigurationIsVisible = 0;
			defaultConfigurationName = Release;
		};
		F6F1F1A61F9949F100A2223C /* Build configuration list for PBXNativeTarget "ActivityEntryTrackerUITests" */ = {
			isa = XCConfigurationList;
			buildConfigurations = (
				F6F1F1A71F9949F100A2223C /* Debug */,
				F6F1F1A81F9949F100A2223C /* Release */,
			);
			defaultConfigurationIsVisible = 0;
			defaultConfigurationName = Release;
		};
/* End XCConfigurationList section */
	};
	rootObject = F6F1F16D1F9949EF00A2223C /* Project object */;
}
